
Microsoft Visual Studio Solution File, Format Version 12.00
# Visual Studio Version 17
VisualStudioVersion = 17.13.35825.156 d17.13
MinimumVisualStudioVersion = 10.0.40219.1
Project("{FAE04EC0-301F-11D3-BF4B-00C04F79EFBC}") = "ConsoleApp1", "ConsoleApp1.csproj", "{DEB64538-4164-4329-A9B7-A31B3A29CBC5}"
EndProject
Global
	GlobalSection(SolutionConfigurationPlatforms) = preSolution
		Debug|Any CPU = Debug|Any CPU
		Release|Any CPU = Release|Any CPU
	EndGlobalSection
	GlobalSection(ProjectConfigurationPlatforms) = postSolution
		{DEB64538-4164-4329-A9B7-A31B3A29CBC5}.Debug|Any CPU.ActiveCfg = Debug|Any CPU
		{DEB64538-4164-4329-A9B7-A31B3A29CBC5}.Debug|Any CPU.Build.0 = Debug|Any CPU
		{DEB64538-4164-4329-A9B7-A31B3A29CBC5}.Release|Any CPU.ActiveCfg = Release|Any CPU
		{DEB64538-4164-4329-A9B7-A31B3A29CBC5}.Release|Any CPU.Build.0 = Release|Any CPU
	EndGlobalSection
	GlobalSection(SolutionProperties) = preSolution
		HideSolutionNode = FALSE
	EndGlobalSection
	GlobalSection(ExtensibilityGlobals) = postSolution
		SolutionGuid = {B894C54B-1572-490E-95A1-988F6CB1CA88}
	EndGlobalSection
EndGlobal
